// !$*UTF8*$!
{
	archiveVersion = 1;
	classes = {
	};
	objectVersion = 51;
	objects = {

/* Begin PBXBuildFile section */
		05102D1E2327200F0063D77D /* AppDelegate.swift in Sources */ = {isa = PBXBuildFile; fileRef = 05102D1D2327200F0063D77D /* AppDelegate.swift */; };
		05102D202327200F0063D77D /* TodoListViewController.swift in Sources */ = {isa = PBXBuildFile; fileRef = 05102D1F2327200F0063D77D /* TodoListViewController.swift */; };
		05102D232327200F0063D77D /* Main.storyboard in Resources */ = {isa = PBXBuildFile; fileRef = 05102D212327200F0063D77D /* Main.storyboard */; };
		05102D25232720100063D77D /* Assets.xcassets in Resources */ = {isa = PBXBuildFile; fileRef = 05102D24232720100063D77D /* Assets.xcassets */; };
		05102D28232720100063D77D /* LaunchScreen.storyboard in Resources */ = {isa = PBXBuildFile; fileRef = 05102D26232720100063D77D /* LaunchScreen.storyboard */; };
		052789502359212B007F97B4 /* Item.swift in Sources */ = {isa = PBXBuildFile; fileRef = 0527894F2359212B007F97B4 /* Item.swift */; };
		0527895223592133007F97B4 /* Category.swift in Sources */ = {isa = PBXBuildFile; fileRef = 0527895123592133007F97B4 /* Category.swift */; };
		05A5361E23506ACF002B1B1A /* CategoriesTableViewController.swift in Sources */ = {isa = PBXBuildFile; fileRef = 05A5361D23506ACF002B1B1A /* CategoriesTableViewController.swift */; };
		05CA42352358431200A39C65 /* Data.swift in Sources */ = {isa = PBXBuildFile; fileRef = 05CA42342358431200A39C65 /* Data.swift */; };
		61C1097B5491C437E4B7502B /* Pods_Todoey.framework in Frameworks */ = {isa = PBXBuildFile; fileRef = 94F91D74A6F25C4CA27308C4 /* Pods_Todoey.framework */; };
/* End PBXBuildFile section */

/* Begin PBXFileReference section */
		05102D1A2327200F0063D77D /* Todoey.app */ = {isa = PBXFileReference; explicitFileType = wrapper.application; includeInIndex = 0; path = Todoey.app; sourceTree = BUILT_PRODUCTS_DIR; };
		05102D1D2327200F0063D77D /* AppDelegate.swift */ = {isa = PBXFileReference; lastKnownFileType = sourcecode.swift; path = AppDelegate.swift; sourceTree = "<group>"; };
		05102D1F2327200F0063D77D /* TodoListViewController.swift */ = {isa = PBXFileReference; lastKnownFileType = sourcecode.swift; path = TodoListViewController.swift; sourceTree = "<group>"; };
		05102D222327200F0063D77D /* Base */ = {isa = PBXFileReference; lastKnownFileType = file.storyboard; name = Base; path = Base.lproj/Main.storyboard; sourceTree = "<group>"; };
		05102D24232720100063D77D /* Assets.xcassets */ = {isa = PBXFileReference; lastKnownFileType = folder.assetcatalog; path = Assets.xcassets; sourceTree = "<group>"; };
		05102D27232720100063D77D /* Base */ = {isa = PBXFileReference; lastKnownFileType = file.storyboard; name = Base; path = Base.lproj/LaunchScreen.storyboard; sourceTree = "<group>"; };
		05102D29232720100063D77D /* Info.plist */ = {isa = PBXFileReference; lastKnownFileType = text.plist.xml; path = Info.plist; sourceTree = "<group>"; };
		0527894F2359212B007F97B4 /* Item.swift */ = {isa = PBXFileReference; lastKnownFileType = sourcecode.swift; path = Item.swift; sourceTree = "<group>"; };
		0527895123592133007F97B4 /* Category.swift */ = {isa = PBXFileReference; lastKnownFileType = sourcecode.swift; path = Category.swift; sourceTree = "<group>"; };
		0560B71A23503F9D00C61805 /* Todoey.entitlements */ = {isa = PBXFileReference; lastKnownFileType = text.plist.entitlements; path = Todoey.entitlements; sourceTree = "<group>"; };
		05A5361D23506ACF002B1B1A /* CategoriesTableViewController.swift */ = {isa = PBXFileReference; lastKnownFileType = sourcecode.swift; path = CategoriesTableViewController.swift; sourceTree = SOURCE_ROOT; };
		05CA42342358431200A39C65 /* Data.swift */ = {isa = PBXFileReference; lastKnownFileType = sourcecode.swift; name = Data.swift; path = Todoey/Data.swift; sourceTree = SOURCE_ROOT; };
		4908F5C8DA19B536DB2B5FCD /* Pods-Todoey.debug.xcconfig */ = {isa = PBXFileReference; includeInIndex = 1; lastKnownFileType = text.xcconfig; name = "Pods-Todoey.debug.xcconfig"; path = "Target Support Files/Pods-Todoey/Pods-Todoey.debug.xcconfig"; sourceTree = "<group>"; };
		54B2E5B60F294D48FF9B746E /* Pods-Todoey.release.xcconfig */ = {isa = PBXFileReference; includeInIndex = 1; lastKnownFileType = text.xcconfig; name = "Pods-Todoey.release.xcconfig"; path = "Target Support Files/Pods-Todoey/Pods-Todoey.release.xcconfig"; sourceTree = "<group>"; };
		94F91D74A6F25C4CA27308C4 /* Pods_Todoey.framework */ = {isa = PBXFileReference; explicitFileType = wrapper.framework; includeInIndex = 0; path = Pods_Todoey.framework; sourceTree = BUILT_PRODUCTS_DIR; };
/* End PBXFileReference section */

/* Begin PBXFrameworksBuildPhase section */
		05102D172327200F0063D77D /* Frameworks */ = {
			isa = PBXFrameworksBuildPhase;
			buildActionMask = 2147483647;
			files = (
				61C1097B5491C437E4B7502B /* Pods_Todoey.framework in Frameworks */,
			);
			runOnlyForDeploymentPostprocessing = 0;
		};
/* End PBXFrameworksBuildPhase section */

/* Begin PBXGroup section */
		03EE40ACC61B8563099D975B /* Frameworks */ = {
			isa = PBXGroup;
			children = (
				94F91D74A6F25C4CA27308C4 /* Pods_Todoey.framework */,
			);
			name = Frameworks;
			sourceTree = "<group>";
		};
		05102D112327200F0063D77D = {
			isa = PBXGroup;
			children = (
				05102D1C2327200F0063D77D /* Todoey */,
				05102D1B2327200F0063D77D /* Products */,
				A71516BE1DD8FED9168FD12A /* Pods */,
				03EE40ACC61B8563099D975B /* Frameworks */,
			);
			sourceTree = "<group>";
		};
		05102D1B2327200F0063D77D /* Products */ = {
			isa = PBXGroup;
			children = (
				05102D1A2327200F0063D77D /* Todoey.app */,
			);
			name = Products;
			sourceTree = "<group>";
		};
		05102D1C2327200F0063D77D /* Todoey */ = {
			isa = PBXGroup;
			children = (
				0560B71A23503F9D00C61805 /* Todoey.entitlements */,
				05102D1D2327200F0063D77D /* AppDelegate.swift */,
				05AA571E2329B0A9007008AC /* Controller */,
				05AA571A2329B04E007008AC /* Data Model */,
				05AA571D2329B09F007008AC /* Views */,
				05AA571F2329B0C4007008AC /* Supporting files */,
				05102D29232720100063D77D /* Info.plist */,
			);
			path = Todoey;
			sourceTree = "<group>";
		};
		05AA571A2329B04E007008AC /* Data Model */ = {
			isa = PBXGroup;
			children = (
				05CA42342358431200A39C65 /* Data.swift */,
				0527895123592133007F97B4 /* Category.swift */,
				0527894F2359212B007F97B4 /* Item.swift */,
			);
			path = "Data Model";
			sourceTree = "<group>";
		};
		05AA571D2329B09F007008AC /* Views */ = {
			isa = PBXGroup;
			children = (
				05102D212327200F0063D77D /* Main.storyboard */,
			);
			path = Views;
			sourceTree = "<group>";
		};
		05AA571E2329B0A9007008AC /* Controller */ = {
			isa = PBXGroup;
			children = (
				05A5361D23506ACF002B1B1A /* CategoriesTableViewController.swift */,
				05102D1F2327200F0063D77D /* TodoListViewController.swift */,
			);
			path = Controller;
			sourceTree = "<group>";
		};
		05AA571F2329B0C4007008AC /* Supporting files */ = {
			isa = PBXGroup;
			children = (
				05102D24232720100063D77D /* Assets.xcassets */,
				05102D26232720100063D77D /* LaunchScreen.storyboard */,
			);
			path = "Supporting files";
			sourceTree = "<group>";
		};
		A71516BE1DD8FED9168FD12A /* Pods */ = {
			isa = PBXGroup;
			children = (
				4908F5C8DA19B536DB2B5FCD /* Pods-Todoey.debug.xcconfig */,
				54B2E5B60F294D48FF9B746E /* Pods-Todoey.release.xcconfig */,
			);
			path = Pods;
			sourceTree = "<group>";
		};
/* End PBXGroup section */

/* Begin PBXNativeTarget section */
		05102D192327200F0063D77D /* Todoey */ = {
			isa = PBXNativeTarget;
			buildConfigurationList = 05102D2C232720100063D77D /* Build configuration list for PBXNativeTarget "Todoey" */;
			buildPhases = (
				872C440AD586E17AA2F01B92 /* [CP] Check Pods Manifest.lock */,
				05102D162327200F0063D77D /* Sources */,
				05102D172327200F0063D77D /* Frameworks */,
				05102D182327200F0063D77D /* Resources */,
				165204DDFAACE4DC0C245451 /* [CP] Embed Pods Frameworks */,
			);
			buildRules = (
			);
			dependencies = (
			);
			name = Todoey;
			productName = Todoey;
			productReference = 05102D1A2327200F0063D77D /* Todoey.app */;
			productType = "com.apple.product-type.application";
		};
/* End PBXNativeTarget section */

/* Begin PBXProject section */
		05102D122327200F0063D77D /* Project object */ = {
			isa = PBXProject;
			attributes = {
				LastSwiftUpdateCheck = 1030;
				LastUpgradeCheck = 1030;
				ORGANIZATIONNAME = "Aleksandr Ozhogin";
				TargetAttributes = {
					05102D192327200F0063D77D = {
						CreatedOnToolsVersion = 10.3;
					};
				};
			};
			buildConfigurationList = 05102D152327200F0063D77D /* Build configuration list for PBXProject "Todoey" */;
			compatibilityVersion = "Xcode 9.3";
			developmentRegion = en;
			hasScannedForEncodings = 0;
			knownRegions = (
				en,
				Base,
			);
			mainGroup = 05102D112327200F0063D77D;
			productRefGroup = 05102D1B2327200F0063D77D /* Products */;
			projectDirPath = "";
			projectRoot = "";
			targets = (
				05102D192327200F0063D77D /* Todoey */,
			);
		};
/* End PBXProject section */

/* Begin PBXResourcesBuildPhase section */
		05102D182327200F0063D77D /* Resources */ = {
			isa = PBXResourcesBuildPhase;
			buildActionMask = 2147483647;
			files = (
				05102D28232720100063D77D /* LaunchScreen.storyboard in Resources */,
				05102D25232720100063D77D /* Assets.xcassets in Resources */,
				05102D232327200F0063D77D /* Main.storyboard in Resources */,
			);
			runOnlyForDeploymentPostprocessing = 0;
		};
/* End PBXResourcesBuildPhase section */

/* Begin PBXShellScriptBuildPhase section */
		165204DDFAACE4DC0C245451 /* [CP] Embed Pods Frameworks */ = {
			isa = PBXShellScriptBuildPhase;
			buildActionMask = 2147483647;
			files = (
			);
			inputFileListPaths = (
				"${PODS_ROOT}/Target Support Files/Pods-Todoey/Pods-Todoey-frameworks-${CONFIGURATION}-input-files.xcfilelist",
			);
			name = "[CP] Embed Pods Frameworks";
			outputFileListPaths = (
				"${PODS_ROOT}/Target Support Files/Pods-Todoey/Pods-Todoey-frameworks-${CONFIGURATION}-output-files.xcfilelist",
			);
			runOnlyForDeploymentPostprocessing = 0;
			shellPath = /bin/sh;
			shellScript = "\"${PODS_ROOT}/Target Support Files/Pods-Todoey/Pods-Todoey-frameworks.sh\"\n";
			showEnvVarsInLog = 0;
		};
		872C440AD586E17AA2F01B92 /* [CP] Check Pods Manifest.lock */ = {
			isa = PBXShellScriptBuildPhase;
			buildActionMask = 2147483647;
			files = (
			);
			inputFileListPaths = (
			);
			inputPaths = (
				"${PODS_PODFILE_DIR_PATH}/Podfile.lock",
				"${PODS_ROOT}/Manifest.lock",
			);
			name = "[CP] Check Pods Manifest.lock";
			outputFileListPaths = (
			);
			outputPaths = (
				"$(DERIVED_FILE_DIR)/Pods-Todoey-checkManifestLockResult.txt",
			);
			runOnlyForDeploymentPostprocessing = 0;
			shellPath = /bin/sh;
			shellScript = "diff \"${PODS_PODFILE_DIR_PATH}/Podfile.lock\" \"${PODS_ROOT}/Manifest.lock\" > /dev/null\nif [ $? != 0 ] ; then\n    # print error to STDERR\n    echo \"error: The sandbox is not in sync with the Podfile.lock. Run 'pod install' or update your CocoaPods installation.\" >&2\n    exit 1\nfi\n# This output is used by Xcode 'outputs' to avoid re-running this script phase.\necho \"SUCCESS\" > \"${SCRIPT_OUTPUT_FILE_0}\"\n";
			showEnvVarsInLog = 0;
		};
/* End PBXShellScriptBuildPhase section */

/* Begin PBXSourcesBuildPhase section */
		05102D162327200F0063D77D /* Sources */ = {
			isa = PBXSourcesBuildPhase;
			buildActionMask = 2147483647;
			files = (
				05CA42352358431200A39C65 /* Data.swift in Sources */,
				05102D202327200F0063D77D /* TodoListViewController.swift in Sources */,
				05102D1E2327200F0063D77D /* AppDelegate.swift in Sources */,
				052789502359212B007F97B4 /* Item.swift in Sources */,
				05A5361E23506ACF002B1B1A /* CategoriesTableViewController.swift in Sources */,
				0527895223592133007F97B4 /* Category.swift in Sources */,
			);
			runOnlyForDeploymentPostprocessing = 0;
		};
/* End PBXSourcesBuildPhase section */

/* Begin PBXVariantGroup section */
		05102D212327200F0063D77D /* Main.storyboard */ = {
			isa = PBXVariantGroup;
			children = (
				05102D222327200F0063D77D /* Base */,
			);
			name = Main.storyboard;
			sourceTree = "<group>";
		};
		05102D26232720100063D77D /* LaunchScreen.storyboard */ = {
			isa = PBXVariantGroup;
			children = (
				05102D27232720100063D77D /* Base */,
			);
			name = LaunchScreen.storyboard;
			sourceTree = "<group>";
		};
/* End PBXVariantGroup section */

/* Begin XCBuildConfiguration section */
		05102D2A232720100063D77D /* Debug */ = {
			isa = XCBuildConfiguration;
			buildSettings = {
				ALWAYS_SEARCH_USER_PATHS = NO;
				CLANG_ANALYZER_NONNULL = YES;
				CLANG_ANALYZER_NUMBER_OBJECT_CONVERSION = YES_AGGRESSIVE;
				CLANG_CXX_LANGUAGE_STANDARD = "gnu++14";
				CLANG_CXX_LIBRARY = "libc++";
				CLANG_ENABLE_MODULES = YES;
				CLANG_ENABLE_OBJC_ARC = YES;
				CLANG_ENABLE_OBJC_WEAK = YES;
				CLANG_WARN_BLOCK_CAPTURE_AUTORELEASING = YES;
				CLANG_WARN_BOOL_CONVERSION = YES;
				CLANG_WARN_COMMA = YES;
				CLANG_WARN_CONSTANT_CONVERSION = YES;
				CLANG_WARN_DEPRECATED_OBJC_IMPLEMENTATIONS = YES;
				CLANG_WARN_DIRECT_OBJC_ISA_USAGE = YES_ERROR;
				CLANG_WARN_DOCUMENTATION_COMMENTS = YES;
				CLANG_WARN_EMPTY_BODY = YES;
				CLANG_WARN_ENUM_CONVERSION = YES;
				CLANG_WARN_INFINITE_RECURSION = YES;
				CLANG_WARN_INT_CONVERSION = YES;
				CLANG_WARN_NON_LITERAL_NULL_CONVERSION = YES;
				CLANG_WARN_OBJC_IMPLICIT_RETAIN_SELF = YES;
				CLANG_WARN_OBJC_LITERAL_CONVERSION = YES;
				CLANG_WARN_OBJC_ROOT_CLASS = YES_ERROR;
				CLANG_WARN_RANGE_LOOP_ANALYSIS = YES;
				CLANG_WARN_STRICT_PROTOTYPES = YES;
				CLANG_WARN_SUSPICIOUS_MOVE = YES;
				CLANG_WARN_UNGUARDED_AVAILABILITY = YES_AGGRESSIVE;
				CLANG_WARN_UNREACHABLE_CODE = YES;
				CLANG_WARN__DUPLICATE_METHOD_MATCH = YES;
				CODE_SIGN_IDENTITY = "iPhone Developer";
				COPY_PHASE_STRIP = NO;
				DEBUG_INFORMATION_FORMAT = dwarf;
				ENABLE_STRICT_OBJC_MSGSEND = YES;
				ENABLE_TESTABILITY = YES;
				GCC_C_LANGUAGE_STANDARD = gnu11;
				GCC_DYNAMIC_NO_PIC = NO;
				GCC_NO_COMMON_BLOCKS = YES;
				GCC_OPTIMIZATION_LEVEL = 0;
				GCC_PREPROCESSOR_DEFINITIONS = (
					"DEBUG=1",
					"$(inherited)",
				);
				GCC_WARN_64_TO_32_BIT_CONVERSION = YES;
				GCC_WARN_ABOUT_RETURN_TYPE = YES_ERROR;
				GCC_WARN_UNDECLARED_SELECTOR = YES;
				GCC_WARN_UNINITIALIZED_AUTOS = YES_AGGRESSIVE;
				GCC_WARN_UNUSED_FUNCTION = YES;
				GCC_WARN_UNUSED_VARIABLE = YES;
				IPHONEOS_DEPLOYMENT_TARGET = 12.4;
				MTL_ENABLE_DEBUG_INFO = INCLUDE_SOURCE;
				MTL_FAST_MATH = YES;
				ONLY_ACTIVE_ARCH = YES;
				SDKROOT = iphoneos;
				SWIFT_ACTIVE_COMPILATION_CONDITIONS = DEBUG;
				SWIFT_OPTIMIZATION_LEVEL = "-Onone";
			};
			name = Debug;
		};
		05102D2B232720100063D77D /* Release */ = {
			isa = XCBuildConfiguration;
			buildSettings = {
				ALWAYS_SEARCH_USER_PATHS = NO;
				CLANG_ANALYZER_NONNULL = YES;
				CLANG_ANALYZER_NUMBER_OBJECT_CONVERSION = YES_AGGRESSIVE;
				CLANG_CXX_LANGUAGE_STANDARD = "gnu++14";
				CLANG_CXX_LIBRARY = "libc++";
				CLANG_ENABLE_MODULES = YES;
				CLANG_ENABLE_OBJC_ARC = YES;
				CLANG_ENABLE_OBJC_WEAK = YES;
				CLANG_WARN_BLOCK_CAPTURE_AUTORELEASING = YES;
				CLANG_WARN_BOOL_CONVERSION = YES;
				CLANG_WARN_COMMA = YES;
				CLANG_WARN_CONSTANT_CONVERSION = YES;
				CLANG_WARN_DEPRECATED_OBJC_IMPLEMENTATIONS = YES;
				CLANG_WARN_DIRECT_OBJC_ISA_USAGE = YES_ERROR;
				CLANG_WARN_DOCUMENTATION_COMMENTS = YES;
				CLANG_WARN_EMPTY_BODY = YES;
				CLANG_WARN_ENUM_CONVERSION = YES;
				CLANG_WARN_INFINITE_RECURSION = YES;
				CLANG_WARN_INT_CONVERSION = YES;
				CLANG_WARN_NON_LITERAL_NULL_CONVERSION = YES;
				CLANG_WARN_OBJC_IMPLICIT_RETAIN_SELF = YES;
				CLANG_WARN_OBJC_LITERAL_CONVERSION = YES;
				CLANG_WARN_OBJC_ROOT_CLASS = YES_ERROR;
				CLANG_WARN_RANGE_LOOP_ANALYSIS = YES;
				CLANG_WARN_STRICT_PROTOTYPES = YES;
				CLANG_WARN_SUSPICIOUS_MOVE = YES;
				CLANG_WARN_UNGUARDED_AVAILABILITY = YES_AGGRESSIVE;
				CLANG_WARN_UNREACHABLE_CODE = YES;
				CLANG_WARN__DUPLICATE_METHOD_MATCH = YES;
				CODE_SIGN_IDENTITY = "iPhone Developer";
				COPY_PHASE_STRIP = NO;
				DEBUG_INFORMATION_FORMAT = "dwarf-with-dsym";
				ENABLE_NS_ASSERTIONS = NO;
				ENABLE_STRICT_OBJC_MSGSEND = YES;
				GCC_C_LANGUAGE_STANDARD = gnu11;
				GCC_NO_COMMON_BLOCKS = YES;
				GCC_WARN_64_TO_32_BIT_CONVERSION = YES;
				GCC_WARN_ABOUT_RETURN_TYPE = YES_ERROR;
				GCC_WARN_UNDECLARED_SELECTOR = YES;
				GCC_WARN_UNINITIALIZED_AUTOS = YES_AGGRESSIVE;
				GCC_WARN_UNUSED_FUNCTION = YES;
				GCC_WARN_UNUSED_VARIABLE = YES;
				IPHONEOS_DEPLOYMENT_TARGET = 12.4;
				MTL_ENABLE_DEBUG_INFO = NO;
				MTL_FAST_MATH = YES;
				SDKROOT = iphoneos;
				SWIFT_COMPILATION_MODE = wholemodule;
				SWIFT_OPTIMIZATION_LEVEL = "-O";
				VALIDATE_PRODUCT = YES;
			};
			name = Release;
		};
		05102D2D232720100063D77D /* Debug */ = {
			isa = XCBuildConfiguration;
			baseConfigurationReference = 4908F5C8DA19B536DB2B5FCD /* Pods-Todoey.debug.xcconfig */;
			buildSettings = {
				ASSETCATALOG_COMPILER_APPICON_NAME = AppIcon;
				CODE_SIGN_ENTITLEMENTS = Todoey/Todoey.entitlements;
				CODE_SIGN_STYLE = Automatic;
				DEVELOPMENT_TEAM = 2Z36CKB5LH;
				INFOPLIST_FILE = Todoey/Info.plist;
				LD_RUNPATH_SEARCH_PATHS = (
					"$(inherited)",
					"@executable_path/Frameworks",
				);
				PRODUCT_BUNDLE_IDENTIFIER = com.ozhogin.Todoey;
				PRODUCT_NAME = "$(TARGET_NAME)";
				SUPPORTS_MACCATALYST = NO;
				SWIFT_VERSION = 5.0;
				TARGETED_DEVICE_FAMILY = "1,2";
			};
			name = Debug;
		};
		05102D2E232720100063D77D /* Release */ = {
			isa = XCBuildConfiguration;
			baseConfigurationReference = 54B2E5B60F294D48FF9B746E /* Pods-Todoey.release.xcconfig */;
			buildSettings = {
				ASSETCATALOG_COMPILER_APPICON_NAME = AppIcon;
				CODE_SIGN_ENTITLEMENTS = Todoey/Todoey.entitlements;
				CODE_SIGN_STYLE = Automatic;
				DEVELOPMENT_TEAM = 2Z36CKB5LH;
				INFOPLIST_FILE = Todoey/Info.plist;
				LD_RUNPATH_SEARCH_PATHS = (
					"$(inherited)",
					"@executable_path/Frameworks",
				);
				PRODUCT_BUNDLE_IDENTIFIER = com.ozhogin.Todoey;
				PRODUCT_NAME = "$(TARGET_NAME)";
				SUPPORTS_MACCATALYST = NO;
				SWIFT_VERSION = 5.0;
				TARGETED_DEVICE_FAMILY = "1,2";
			};
			name = Release;
		};
/* End XCBuildConfiguration section */

/* Begin XCConfigurationList section */
		05102D152327200F0063D77D /* Build configuration list for PBXProject "Todoey" */ = {
			isa = XCConfigurationList;
			buildConfigurations = (
				05102D2A232720100063D77D /* Debug */,
				05102D2B232720100063D77D /* Release */,
			);
			defaultConfigurationIsVisible = 0;
			defaultConfigurationName = Release;
		};
		05102D2C232720100063D77D /* Build configuration list for PBXNativeTarget "Todoey" */ = {
			isa = XCConfigurationList;
			buildConfigurations = (
				05102D2D232720100063D77D /* Debug */,
				05102D2E232720100063D77D /* Release */,
			);
			defaultConfigurationIsVisible = 0;
			defaultConfigurationName = Release;
		};
/* End XCConfigurationList section */
	};
	rootObject = 05102D122327200F0063D77D /* Project object */;
}
